Microsoft Visual Studio Solution File, Format Version 12.00
# Visual Studio 14
Project("{8BC9CEB8-8B4A-11D0-8D11-00A0C91BC942}") = "ALL_BUILD", "ALL_BUILD.vcxproj", "{BF731065-735F-37D9-BC1B-07010DC4E381}"
	ProjectSection(ProjectDependencies) = postProject
		{E8139547-F685-32FC-813F-E5E3E6B50647} = {E8139547-F685-32FC-813F-E5E3E6B50647}
		{2D5A376A-EF9B-394F-9749-BB098146299E} = {2D5A376A-EF9B-394F-9749-BB098146299E}
	EndProjectSection
EndProject
Project("{8BC9CEB8-8B4A-11D0-8D11-00A0C91BC942}") = "INSTALL", "INSTALL.vcxproj", "{5211B5DB-FE1B-3CFF-B086-2B6B7765C376}"
	ProjectSection(ProjectDependencies) = postProject
		{BF731065-735F-37D9-BC1B-07010DC4E381} = {BF731065-735F-37D9-BC1B-07010DC4E381}
		{E8139547-F685-32FC-813F-E5E3E6B50647} = {E8139547-F685-32FC-813F-E5E3E6B50647}
	EndProjectSection
EndProject
Project("{8BC9CEB8-8B4A-11D0-8D11-00A0C91BC942}") = "ZERO_CHECK", "..\\ZERO_CHECK.vcxproj", "{E8139547-F685-32FC-813F-E5E3E6B50647}"
	ProjectSection(ProjectDependencies) = postProject
	EndProjectSection
EndProject
Project("{8BC9CEB8-8B4A-11D0-8D11-00A0C91BC942}") = "minizip", "minizip.vcxproj", "{2D5A376A-EF9B-394F-9749-BB098146299E}"
	ProjectSection(ProjectDependencies) = postProject
		{E8139547-F685-32FC-813F-E5E3E6B50647} = {E8139547-F685-32FC-813F-E5E3E6B50647}
	EndProjectSection
EndProject
Global
	GlobalSection(SolutionConfigurationPlatforms) = preSolution
		Debug|x64 = Debug|x64
		Release|x64 = Release|x64
	EndGlobalSection
	GlobalSection(ProjectConfigurationPlatforms) = postSolution
		{BF731065-735F-37D9-BC1B-07010DC4E381}.Debug|x64.ActiveCfg = Debug|x64
		{BF731065-735F-37D9-BC1B-07010DC4E381}.Debug|x64.Build.0 = Debug|x64
		{BF731065-735F-37D9-BC1B-07010DC4E381}.Release|x64.ActiveCfg = Release|x64
		{BF731065-735F-37D9-BC1B-07010DC4E381}.Release|x64.Build.0 = Release|x64
		{5211B5DB-FE1B-3CFF-B086-2B6B7765C376}.Debug|x64.ActiveCfg = Debug|x64
		{5211B5DB-FE1B-3CFF-B086-2B6B7765C376}.Release|x64.ActiveCfg = Release|x64
		{E8139547-F685-32FC-813F-E5E3E6B50647}.Debug|x64.ActiveCfg = Debug|x64
		{E8139547-F685-32FC-813F-E5E3E6B50647}.Debug|x64.Build.0 = Debug|x64
		{E8139547-F685-32FC-813F-E5E3E6B50647}.Release|x64.ActiveCfg = Release|x64
		{E8139547-F685-32FC-813F-E5E3E6B50647}.Release|x64.Build.0 = Release|x64
		{2D5A376A-EF9B-394F-9749-BB098146299E}.Debug|x64.ActiveCfg = Debug|x64
		{2D5A376A-EF9B-394F-9749-BB098146299E}.Debug|x64.Build.0 = Debug|x64
		{2D5A376A-EF9B-394F-9749-BB098146299E}.Release|x64.ActiveCfg = Release|x64
		{2D5A376A-EF9B-394F-9749-BB098146299E}.Release|x64.Build.0 = Release|x64
	EndGlobalSection
	GlobalSection(ExtensibilityGlobals) = postSolution
	EndGlobalSection
	GlobalSection(ExtensibilityAddIns) = postSolution
	EndGlobalSection
EndGlobal
