<?xml version="1.0" encoding="UTF-8"?>
<Project ToolsVersion="14.0" xmlns="http://schemas.microsoft.com/developer/msbuild/2003">
  <ItemGroup>
    <ClCompile Include="D:\Workspace\opensource\OSG\code\osg-3rdparty-cmake\minizip\minizip-master\iowin32.c">
      <Filter>Source Files</Filter>
    </ClCompile>
    <ClCompile Include="D:\Workspace\opensource\OSG\code\osg-3rdparty-cmake\minizip\minizip-master\minizip.c">
      <Filter>Source Files</Filter>
    </ClCompile>
    <ClCompile Include="D:\Workspace\opensource\OSG\code\osg-3rdparty-cmake\minizip\minizip-master\zip.c">
      <Filter>Source Files</Filter>
    </ClCompile>
  </ItemGroup>
  <ItemGroup>
    <ClInclude Include="D:\Workspace\opensource\OSG\code\osg-3rdparty-cmake\minizip\minizip-master\crypt.h">
      <Filter>Header Files</Filter>
    </ClInclude>
    <ClInclude Include="D:\Workspace\opensource\OSG\code\osg-3rdparty-cmake\minizip\minizip-master\ioapi.h">
      <Filter>Header Files</Filter>
    </ClInclude>
    <ClInclude Include="D:\Workspace\opensource\OSG\code\osg-3rdparty-cmake\minizip\minizip-master\iowin32.h">
      <Filter>Header Files</Filter>
    </ClInclude>
    <ClInclude Include="D:\Workspace\opensource\OSG\code\osg-3rdparty-cmake\minizip\minizip-master\zip.h">
      <Filter>Header Files</Filter>
    </ClInclude>
  </ItemGroup>
  <ItemGroup>
    <CustomBuild Include="D:\Workspace\opensource\OSG\code\osg-3rdparty-cmake\minizip\CMakeLists.txt" />
  </ItemGroup>
  <ItemGroup>
    <Filter Include="Source Files">
      <UniqueIdentifier>{A2CAE911-5CD3-3847-A708-4F7397229F7B}</UniqueIdentifier>
    </Filter>
    <Filter Include="Header Files">
      <UniqueIdentifier>{B09C0CD9-0433-3A43-9B5C-EF47462246D9}</UniqueIdentifier>
    </Filter>
  </ItemGroup>
</Project>
