<?xml version="1.0" encoding="UTF-8"?>
<Project ToolsVersion="14.0" xmlns="http://schemas.microsoft.com/developer/msbuild/2003">
  <ItemGroup>
    <ClCompile Include="D:\Workspace\opensource\OSG\code\osg-3rdparty-cmake\giflib\giflib-code-5.12\lib\dgif_lib.c">
      <Filter>Source Files</Filter>
    </ClCompile>
    <ClCompile Include="D:\Workspace\opensource\OSG\code\osg-3rdparty-cmake\giflib\giflib-code-5.12\lib\egif_lib.c">
      <Filter>Source Files</Filter>
    </ClCompile>
    <ClCompile Include="D:\Workspace\opensource\OSG\code\osg-3rdparty-cmake\giflib\giflib-code-5.12\lib\gif_err.c">
      <Filter>Source Files</Filter>
    </ClCompile>
    <ClCompile Include="D:\Workspace\opensource\OSG\code\osg-3rdparty-cmake\giflib\giflib-code-5.12\lib\gif_font.c">
      <Filter>Source Files</Filter>
    </ClCompile>
    <ClCompile Include="D:\Workspace\opensource\OSG\code\osg-3rdparty-cmake\giflib\giflib-code-5.12\lib\gif_hash.c">
      <Filter>Source Files</Filter>
    </ClCompile>
    <ClCompile Include="D:\Workspace\opensource\OSG\code\osg-3rdparty-cmake\giflib\giflib-code-5.12\lib\gifalloc.c">
      <Filter>Source Files</Filter>
    </ClCompile>
    <ClCompile Include="D:\Workspace\opensource\OSG\code\osg-3rdparty-cmake\giflib\giflib-code-5.12\lib\quantize.c">
      <Filter>Source Files</Filter>
    </ClCompile>
    <ClCompile Include="D:\Workspace\opensource\OSG\code\osg-3rdparty-cmake\giflib\giflib-code-5.12\lib\openbsd-reallocarray.c">
      <Filter>Source Files</Filter>
    </ClCompile>
    <ClCompile Include="D:\Workspace\opensource\OSG\code\osg-3rdparty-cmake\giflib\getopt.c">
      <Filter>Source Files</Filter>
    </ClCompile>
  </ItemGroup>
  <ItemGroup>
    <ClInclude Include="D:\Workspace\opensource\OSG\code\osg-3rdparty-cmake\giflib\giflib-code-5.12\lib\gif_lib_private.h">
      <Filter>Header Files</Filter>
    </ClInclude>
    <ClInclude Include="D:\Workspace\opensource\OSG\code\osg-3rdparty-cmake\giflib\giflib-code-5.12\lib\gif_hash.h">
      <Filter>Header Files</Filter>
    </ClInclude>
    <ClInclude Include="D:\Workspace\opensource\OSG\code\osg-3rdparty-cmake\giflib\getopt.h">
      <Filter>Header Files</Filter>
    </ClInclude>
    <ClInclude Include="D:\Workspace\opensource\OSG\code\osg-3rdparty-cmake\giflib\unistd.h">
      <Filter>Header Files</Filter>
    </ClInclude>
    <ClInclude Include="D:\Workspace\opensource\OSG\code\osg-3rdparty-cmake\giflib\giflib-code-5.12\lib\gif_lib.h">
      <Filter>Header Files</Filter>
    </ClInclude>
    <ClInclude Include="D:\Workspace\opensource\OSG\code\osg-3rdparty-cmake\giflib\stdbool.h">
      <Filter>Header Files</Filter>
    </ClInclude>
  </ItemGroup>
  <ItemGroup>
    <CustomBuild Include="D:\Workspace\opensource\OSG\code\osg-3rdparty-cmake\giflib\CMakeLists.txt" />
  </ItemGroup>
  <ItemGroup>
    <Filter Include="Source Files">
      <UniqueIdentifier>{A2CAE911-5CD3-3847-A708-4F7397229F7B}</UniqueIdentifier>
    </Filter>
    <Filter Include="Header Files">
      <UniqueIdentifier>{B09C0CD9-0433-3A43-9B5C-EF47462246D9}</UniqueIdentifier>
    </Filter>
  </ItemGroup>
</Project>
