<?xml version="1.0" encoding="UTF-8"?>
<Project ToolsVersion="14.0" xmlns="http://schemas.microsoft.com/developer/msbuild/2003">
  <ItemGroup>
    <ClCompile Include="D:\Workspace\opensource\OSG\code\osg-3rdparty-cmake\libpng\lpng1625\png.c">
      <Filter>Source Files</Filter>
    </ClCompile>
    <ClCompile Include="D:\Workspace\opensource\OSG\code\osg-3rdparty-cmake\libpng\lpng1625\pngerror.c">
      <Filter>Source Files</Filter>
    </ClCompile>
    <ClCompile Include="D:\Workspace\opensource\OSG\code\osg-3rdparty-cmake\libpng\lpng1625\pngget.c">
      <Filter>Source Files</Filter>
    </ClCompile>
    <ClCompile Include="D:\Workspace\opensource\OSG\code\osg-3rdparty-cmake\libpng\lpng1625\pngmem.c">
      <Filter>Source Files</Filter>
    </ClCompile>
    <ClCompile Include="D:\Workspace\opensource\OSG\code\osg-3rdparty-cmake\libpng\lpng1625\pngpread.c">
      <Filter>Source Files</Filter>
    </ClCompile>
    <ClCompile Include="D:\Workspace\opensource\OSG\code\osg-3rdparty-cmake\libpng\lpng1625\pngread.c">
      <Filter>Source Files</Filter>
    </ClCompile>
    <ClCompile Include="D:\Workspace\opensource\OSG\code\osg-3rdparty-cmake\libpng\lpng1625\pngrio.c">
      <Filter>Source Files</Filter>
    </ClCompile>
    <ClCompile Include="D:\Workspace\opensource\OSG\code\osg-3rdparty-cmake\libpng\lpng1625\pngrtran.c">
      <Filter>Source Files</Filter>
    </ClCompile>
    <ClCompile Include="D:\Workspace\opensource\OSG\code\osg-3rdparty-cmake\libpng\lpng1625\pngrutil.c">
      <Filter>Source Files</Filter>
    </ClCompile>
    <ClCompile Include="D:\Workspace\opensource\OSG\code\osg-3rdparty-cmake\libpng\lpng1625\pngset.c">
      <Filter>Source Files</Filter>
    </ClCompile>
    <ClCompile Include="D:\Workspace\opensource\OSG\code\osg-3rdparty-cmake\libpng\lpng1625\pngtrans.c">
      <Filter>Source Files</Filter>
    </ClCompile>
    <ClCompile Include="D:\Workspace\opensource\OSG\code\osg-3rdparty-cmake\libpng\lpng1625\pngwio.c">
      <Filter>Source Files</Filter>
    </ClCompile>
    <ClCompile Include="D:\Workspace\opensource\OSG\code\osg-3rdparty-cmake\libpng\lpng1625\pngwrite.c">
      <Filter>Source Files</Filter>
    </ClCompile>
    <ClCompile Include="D:\Workspace\opensource\OSG\code\osg-3rdparty-cmake\libpng\lpng1625\pngwtran.c">
      <Filter>Source Files</Filter>
    </ClCompile>
    <ClCompile Include="D:\Workspace\opensource\OSG\code\osg-3rdparty-cmake\libpng\lpng1625\pngwutil.c">
      <Filter>Source Files</Filter>
    </ClCompile>
  </ItemGroup>
  <ItemGroup>
    <ClInclude Include="D:\Workspace\opensource\OSG\code\osg-3rdparty-cmake\libpng\lpng1625\pngdebug.h">
      <Filter>Header Files</Filter>
    </ClInclude>
    <ClInclude Include="D:\Workspace\opensource\OSG\code\osg-3rdparty-cmake\libpng\lpng1625\pnginfo.h">
      <Filter>Header Files</Filter>
    </ClInclude>
    <ClInclude Include="D:\Workspace\opensource\OSG\code\osg-3rdparty-cmake\libpng\lpng1625\pngpriv.h">
      <Filter>Header Files</Filter>
    </ClInclude>
    <ClInclude Include="D:\Workspace\opensource\OSG\code\osg-3rdparty-cmake\libpng\lpng1625\pngstruct.h">
      <Filter>Header Files</Filter>
    </ClInclude>
    <ClInclude Include="D:\Workspace\opensource\OSG\code\osg-3rdparty-cmake\libpng\lpng1625\png.h">
      <Filter>Header Files</Filter>
    </ClInclude>
    <ClInclude Include="D:\Workspace\opensource\OSG\code\osg-3rdparty-cmake\libpng\lpng1625\pngconf.h">
      <Filter>Header Files</Filter>
    </ClInclude>
    <ClInclude Include="D:\Workspace\opensource\OSG\code\osg-3rdparty-cmake\libpng\pnglibconf.h">
      <Filter>Header Files</Filter>
    </ClInclude>
  </ItemGroup>
  <ItemGroup>
    <CustomBuild Include="D:\Workspace\opensource\OSG\code\osg-3rdparty-cmake\libpng\CMakeLists.txt" />
  </ItemGroup>
  <ItemGroup>
    <Filter Include="Source Files">
      <UniqueIdentifier>{A2CAE911-5CD3-3847-A708-4F7397229F7B}</UniqueIdentifier>
    </Filter>
    <Filter Include="Header Files">
      <UniqueIdentifier>{B09C0CD9-0433-3A43-9B5C-EF47462246D9}</UniqueIdentifier>
    </Filter>
  </ItemGroup>
</Project>
