<?xml version="1.0" encoding="UTF-8"?>
<Project ToolsVersion="14.0" xmlns="http://schemas.microsoft.com/developer/msbuild/2003">
  <ItemGroup>
    <ClCompile Include="D:\Workspace\opensource\OSG\code\osg-3rdparty-cmake\curl\curl-curl-7_49_1\lib\amigaos.c">
      <Filter>Source Files</Filter>
    </ClCompile>
    <ClCompile Include="D:\Workspace\opensource\OSG\code\osg-3rdparty-cmake\curl\curl-curl-7_49_1\lib\asyn-ares.c">
      <Filter>Source Files</Filter>
    </ClCompile>
    <ClCompile Include="D:\Workspace\opensource\OSG\code\osg-3rdparty-cmake\curl\curl-curl-7_49_1\lib\asyn-thread.c">
      <Filter>Source Files</Filter>
    </ClCompile>
    <ClCompile Include="D:\Workspace\opensource\OSG\code\osg-3rdparty-cmake\curl\curl-curl-7_49_1\lib\base64.c">
      <Filter>Source Files</Filter>
    </ClCompile>
    <ClCompile Include="D:\Workspace\opensource\OSG\code\osg-3rdparty-cmake\curl\curl-curl-7_49_1\lib\conncache.c">
      <Filter>Source Files</Filter>
    </ClCompile>
    <ClCompile Include="D:\Workspace\opensource\OSG\code\osg-3rdparty-cmake\curl\curl-curl-7_49_1\lib\connect.c">
      <Filter>Source Files</Filter>
    </ClCompile>
    <ClCompile Include="D:\Workspace\opensource\OSG\code\osg-3rdparty-cmake\curl\curl-curl-7_49_1\lib\content_encoding.c">
      <Filter>Source Files</Filter>
    </ClCompile>
    <ClCompile Include="D:\Workspace\opensource\OSG\code\osg-3rdparty-cmake\curl\curl-curl-7_49_1\lib\cookie.c">
      <Filter>Source Files</Filter>
    </ClCompile>
    <ClCompile Include="D:\Workspace\opensource\OSG\code\osg-3rdparty-cmake\curl\curl-curl-7_49_1\lib\curl_addrinfo.c">
      <Filter>Source Files</Filter>
    </ClCompile>
    <ClCompile Include="D:\Workspace\opensource\OSG\code\osg-3rdparty-cmake\curl\curl-curl-7_49_1\lib\curl_des.c">
      <Filter>Source Files</Filter>
    </ClCompile>
    <ClCompile Include="D:\Workspace\opensource\OSG\code\osg-3rdparty-cmake\curl\curl-curl-7_49_1\lib\curl_endian.c">
      <Filter>Source Files</Filter>
    </ClCompile>
    <ClCompile Include="D:\Workspace\opensource\OSG\code\osg-3rdparty-cmake\curl\curl-curl-7_49_1\lib\curl_fnmatch.c">
      <Filter>Source Files</Filter>
    </ClCompile>
    <ClCompile Include="D:\Workspace\opensource\OSG\code\osg-3rdparty-cmake\curl\curl-curl-7_49_1\lib\curl_gethostname.c">
      <Filter>Source Files</Filter>
    </ClCompile>
    <ClCompile Include="D:\Workspace\opensource\OSG\code\osg-3rdparty-cmake\curl\curl-curl-7_49_1\lib\curl_gssapi.c">
      <Filter>Source Files</Filter>
    </ClCompile>
    <ClCompile Include="D:\Workspace\opensource\OSG\code\osg-3rdparty-cmake\curl\curl-curl-7_49_1\lib\curl_memrchr.c">
      <Filter>Source Files</Filter>
    </ClCompile>
    <ClCompile Include="D:\Workspace\opensource\OSG\code\osg-3rdparty-cmake\curl\curl-curl-7_49_1\lib\curl_multibyte.c">
      <Filter>Source Files</Filter>
    </ClCompile>
    <ClCompile Include="D:\Workspace\opensource\OSG\code\osg-3rdparty-cmake\curl\curl-curl-7_49_1\lib\curl_ntlm_core.c">
      <Filter>Source Files</Filter>
    </ClCompile>
    <ClCompile Include="D:\Workspace\opensource\OSG\code\osg-3rdparty-cmake\curl\curl-curl-7_49_1\lib\curl_ntlm_wb.c">
      <Filter>Source Files</Filter>
    </ClCompile>
    <ClCompile Include="D:\Workspace\opensource\OSG\code\osg-3rdparty-cmake\curl\curl-curl-7_49_1\lib\curl_rtmp.c">
      <Filter>Source Files</Filter>
    </ClCompile>
    <ClCompile Include="D:\Workspace\opensource\OSG\code\osg-3rdparty-cmake\curl\curl-curl-7_49_1\lib\curl_sasl.c">
      <Filter>Source Files</Filter>
    </ClCompile>
    <ClCompile Include="D:\Workspace\opensource\OSG\code\osg-3rdparty-cmake\curl\curl-curl-7_49_1\lib\curl_sspi.c">
      <Filter>Source Files</Filter>
    </ClCompile>
    <ClCompile Include="D:\Workspace\opensource\OSG\code\osg-3rdparty-cmake\curl\curl-curl-7_49_1\lib\curl_threads.c">
      <Filter>Source Files</Filter>
    </ClCompile>
    <ClCompile Include="D:\Workspace\opensource\OSG\code\osg-3rdparty-cmake\curl\curl-curl-7_49_1\lib\dict.c">
      <Filter>Source Files</Filter>
    </ClCompile>
    <ClCompile Include="D:\Workspace\opensource\OSG\code\osg-3rdparty-cmake\curl\curl-curl-7_49_1\lib\dotdot.c">
      <Filter>Source Files</Filter>
    </ClCompile>
    <ClCompile Include="D:\Workspace\opensource\OSG\code\osg-3rdparty-cmake\curl\curl-curl-7_49_1\lib\easy.c">
      <Filter>Source Files</Filter>
    </ClCompile>
    <ClCompile Include="D:\Workspace\opensource\OSG\code\osg-3rdparty-cmake\curl\curl-curl-7_49_1\lib\escape.c">
      <Filter>Source Files</Filter>
    </ClCompile>
    <ClCompile Include="D:\Workspace\opensource\OSG\code\osg-3rdparty-cmake\curl\curl-curl-7_49_1\lib\file.c">
      <Filter>Source Files</Filter>
    </ClCompile>
    <ClCompile Include="D:\Workspace\opensource\OSG\code\osg-3rdparty-cmake\curl\curl-curl-7_49_1\lib\fileinfo.c">
      <Filter>Source Files</Filter>
    </ClCompile>
    <ClCompile Include="D:\Workspace\opensource\OSG\code\osg-3rdparty-cmake\curl\curl-curl-7_49_1\lib\formdata.c">
      <Filter>Source Files</Filter>
    </ClCompile>
    <ClCompile Include="D:\Workspace\opensource\OSG\code\osg-3rdparty-cmake\curl\curl-curl-7_49_1\lib\ftp.c">
      <Filter>Source Files</Filter>
    </ClCompile>
    <ClCompile Include="D:\Workspace\opensource\OSG\code\osg-3rdparty-cmake\curl\curl-curl-7_49_1\lib\ftplistparser.c">
      <Filter>Source Files</Filter>
    </ClCompile>
    <ClCompile Include="D:\Workspace\opensource\OSG\code\osg-3rdparty-cmake\curl\curl-curl-7_49_1\lib\getenv.c">
      <Filter>Source Files</Filter>
    </ClCompile>
    <ClCompile Include="D:\Workspace\opensource\OSG\code\osg-3rdparty-cmake\curl\curl-curl-7_49_1\lib\getinfo.c">
      <Filter>Source Files</Filter>
    </ClCompile>
    <ClCompile Include="D:\Workspace\opensource\OSG\code\osg-3rdparty-cmake\curl\curl-curl-7_49_1\lib\gopher.c">
      <Filter>Source Files</Filter>
    </ClCompile>
    <ClCompile Include="D:\Workspace\opensource\OSG\code\osg-3rdparty-cmake\curl\curl-curl-7_49_1\lib\hash.c">
      <Filter>Source Files</Filter>
    </ClCompile>
    <ClCompile Include="D:\Workspace\opensource\OSG\code\osg-3rdparty-cmake\curl\curl-curl-7_49_1\lib\hmac.c">
      <Filter>Source Files</Filter>
    </ClCompile>
    <ClCompile Include="D:\Workspace\opensource\OSG\code\osg-3rdparty-cmake\curl\curl-curl-7_49_1\lib\hostasyn.c">
      <Filter>Source Files</Filter>
    </ClCompile>
    <ClCompile Include="D:\Workspace\opensource\OSG\code\osg-3rdparty-cmake\curl\curl-curl-7_49_1\lib\hostcheck.c">
      <Filter>Source Files</Filter>
    </ClCompile>
    <ClCompile Include="D:\Workspace\opensource\OSG\code\osg-3rdparty-cmake\curl\curl-curl-7_49_1\lib\hostip.c">
      <Filter>Source Files</Filter>
    </ClCompile>
    <ClCompile Include="D:\Workspace\opensource\OSG\code\osg-3rdparty-cmake\curl\curl-curl-7_49_1\lib\hostip4.c">
      <Filter>Source Files</Filter>
    </ClCompile>
    <ClCompile Include="D:\Workspace\opensource\OSG\code\osg-3rdparty-cmake\curl\curl-curl-7_49_1\lib\hostip6.c">
      <Filter>Source Files</Filter>
    </ClCompile>
    <ClCompile Include="D:\Workspace\opensource\OSG\code\osg-3rdparty-cmake\curl\curl-curl-7_49_1\lib\hostsyn.c">
      <Filter>Source Files</Filter>
    </ClCompile>
    <ClCompile Include="D:\Workspace\opensource\OSG\code\osg-3rdparty-cmake\curl\curl-curl-7_49_1\lib\http.c">
      <Filter>Source Files</Filter>
    </ClCompile>
    <ClCompile Include="D:\Workspace\opensource\OSG\code\osg-3rdparty-cmake\curl\curl-curl-7_49_1\lib\http2.c">
      <Filter>Source Files</Filter>
    </ClCompile>
    <ClCompile Include="D:\Workspace\opensource\OSG\code\osg-3rdparty-cmake\curl\curl-curl-7_49_1\lib\http_chunks.c">
      <Filter>Source Files</Filter>
    </ClCompile>
    <ClCompile Include="D:\Workspace\opensource\OSG\code\osg-3rdparty-cmake\curl\curl-curl-7_49_1\lib\http_digest.c">
      <Filter>Source Files</Filter>
    </ClCompile>
    <ClCompile Include="D:\Workspace\opensource\OSG\code\osg-3rdparty-cmake\curl\curl-curl-7_49_1\lib\http_ntlm.c">
      <Filter>Source Files</Filter>
    </ClCompile>
    <ClCompile Include="D:\Workspace\opensource\OSG\code\osg-3rdparty-cmake\curl\curl-curl-7_49_1\lib\http_negotiate.c">
      <Filter>Source Files</Filter>
    </ClCompile>
    <ClCompile Include="D:\Workspace\opensource\OSG\code\osg-3rdparty-cmake\curl\curl-curl-7_49_1\lib\http_proxy.c">
      <Filter>Source Files</Filter>
    </ClCompile>
    <ClCompile Include="D:\Workspace\opensource\OSG\code\osg-3rdparty-cmake\curl\curl-curl-7_49_1\lib\idn_win32.c">
      <Filter>Source Files</Filter>
    </ClCompile>
    <ClCompile Include="D:\Workspace\opensource\OSG\code\osg-3rdparty-cmake\curl\curl-curl-7_49_1\lib\if2ip.c">
      <Filter>Source Files</Filter>
    </ClCompile>
    <ClCompile Include="D:\Workspace\opensource\OSG\code\osg-3rdparty-cmake\curl\curl-curl-7_49_1\lib\imap.c">
      <Filter>Source Files</Filter>
    </ClCompile>
    <ClCompile Include="D:\Workspace\opensource\OSG\code\osg-3rdparty-cmake\curl\curl-curl-7_49_1\lib\inet_ntop.c">
      <Filter>Source Files</Filter>
    </ClCompile>
    <ClCompile Include="D:\Workspace\opensource\OSG\code\osg-3rdparty-cmake\curl\curl-curl-7_49_1\lib\inet_pton.c">
      <Filter>Source Files</Filter>
    </ClCompile>
    <ClCompile Include="D:\Workspace\opensource\OSG\code\osg-3rdparty-cmake\curl\curl-curl-7_49_1\lib\krb5.c">
      <Filter>Source Files</Filter>
    </ClCompile>
    <ClCompile Include="D:\Workspace\opensource\OSG\code\osg-3rdparty-cmake\curl\curl-curl-7_49_1\lib\ldap.c">
      <Filter>Source Files</Filter>
    </ClCompile>
    <ClCompile Include="D:\Workspace\opensource\OSG\code\osg-3rdparty-cmake\curl\curl-curl-7_49_1\lib\llist.c">
      <Filter>Source Files</Filter>
    </ClCompile>
    <ClCompile Include="D:\Workspace\opensource\OSG\code\osg-3rdparty-cmake\curl\curl-curl-7_49_1\lib\md4.c">
      <Filter>Source Files</Filter>
    </ClCompile>
    <ClCompile Include="D:\Workspace\opensource\OSG\code\osg-3rdparty-cmake\curl\curl-curl-7_49_1\lib\md5.c">
      <Filter>Source Files</Filter>
    </ClCompile>
    <ClCompile Include="D:\Workspace\opensource\OSG\code\osg-3rdparty-cmake\curl\curl-curl-7_49_1\lib\memdebug.c">
      <Filter>Source Files</Filter>
    </ClCompile>
    <ClCompile Include="D:\Workspace\opensource\OSG\code\osg-3rdparty-cmake\curl\curl-curl-7_49_1\lib\mprintf.c">
      <Filter>Source Files</Filter>
    </ClCompile>
    <ClCompile Include="D:\Workspace\opensource\OSG\code\osg-3rdparty-cmake\curl\curl-curl-7_49_1\lib\multi.c">
      <Filter>Source Files</Filter>
    </ClCompile>
    <ClCompile Include="D:\Workspace\opensource\OSG\code\osg-3rdparty-cmake\curl\curl-curl-7_49_1\lib\netrc.c">
      <Filter>Source Files</Filter>
    </ClCompile>
    <ClCompile Include="D:\Workspace\opensource\OSG\code\osg-3rdparty-cmake\curl\curl-curl-7_49_1\lib\non-ascii.c">
      <Filter>Source Files</Filter>
    </ClCompile>
    <ClCompile Include="D:\Workspace\opensource\OSG\code\osg-3rdparty-cmake\curl\curl-curl-7_49_1\lib\nonblock.c">
      <Filter>Source Files</Filter>
    </ClCompile>
    <ClCompile Include="D:\Workspace\opensource\OSG\code\osg-3rdparty-cmake\curl\curl-curl-7_49_1\lib\nwlib.c">
      <Filter>Source Files</Filter>
    </ClCompile>
    <ClCompile Include="D:\Workspace\opensource\OSG\code\osg-3rdparty-cmake\curl\curl-curl-7_49_1\lib\nwos.c">
      <Filter>Source Files</Filter>
    </ClCompile>
    <ClCompile Include="D:\Workspace\opensource\OSG\code\osg-3rdparty-cmake\curl\curl-curl-7_49_1\lib\openldap.c">
      <Filter>Source Files</Filter>
    </ClCompile>
    <ClCompile Include="D:\Workspace\opensource\OSG\code\osg-3rdparty-cmake\curl\curl-curl-7_49_1\lib\parsedate.c">
      <Filter>Source Files</Filter>
    </ClCompile>
    <ClCompile Include="D:\Workspace\opensource\OSG\code\osg-3rdparty-cmake\curl\curl-curl-7_49_1\lib\pingpong.c">
      <Filter>Source Files</Filter>
    </ClCompile>
    <ClCompile Include="D:\Workspace\opensource\OSG\code\osg-3rdparty-cmake\curl\curl-curl-7_49_1\lib\pipeline.c">
      <Filter>Source Files</Filter>
    </ClCompile>
    <ClCompile Include="D:\Workspace\opensource\OSG\code\osg-3rdparty-cmake\curl\curl-curl-7_49_1\lib\pop3.c">
      <Filter>Source Files</Filter>
    </ClCompile>
    <ClCompile Include="D:\Workspace\opensource\OSG\code\osg-3rdparty-cmake\curl\curl-curl-7_49_1\lib\progress.c">
      <Filter>Source Files</Filter>
    </ClCompile>
    <ClCompile Include="D:\Workspace\opensource\OSG\code\osg-3rdparty-cmake\curl\curl-curl-7_49_1\lib\rawstr.c">
      <Filter>Source Files</Filter>
    </ClCompile>
    <ClCompile Include="D:\Workspace\opensource\OSG\code\osg-3rdparty-cmake\curl\curl-curl-7_49_1\lib\rtsp.c">
      <Filter>Source Files</Filter>
    </ClCompile>
    <ClCompile Include="D:\Workspace\opensource\OSG\code\osg-3rdparty-cmake\curl\curl-curl-7_49_1\lib\security.c">
      <Filter>Source Files</Filter>
    </ClCompile>
    <ClCompile Include="D:\Workspace\opensource\OSG\code\osg-3rdparty-cmake\curl\curl-curl-7_49_1\lib\select.c">
      <Filter>Source Files</Filter>
    </ClCompile>
    <ClCompile Include="D:\Workspace\opensource\OSG\code\osg-3rdparty-cmake\curl\curl-curl-7_49_1\lib\sendf.c">
      <Filter>Source Files</Filter>
    </ClCompile>
    <ClCompile Include="D:\Workspace\opensource\OSG\code\osg-3rdparty-cmake\curl\curl-curl-7_49_1\lib\share.c">
      <Filter>Source Files</Filter>
    </ClCompile>
    <ClCompile Include="D:\Workspace\opensource\OSG\code\osg-3rdparty-cmake\curl\curl-curl-7_49_1\lib\slist.c">
      <Filter>Source Files</Filter>
    </ClCompile>
    <ClCompile Include="D:\Workspace\opensource\OSG\code\osg-3rdparty-cmake\curl\curl-curl-7_49_1\lib\smb.c">
      <Filter>Source Files</Filter>
    </ClCompile>
    <ClCompile Include="D:\Workspace\opensource\OSG\code\osg-3rdparty-cmake\curl\curl-curl-7_49_1\lib\smtp.c">
      <Filter>Source Files</Filter>
    </ClCompile>
    <ClCompile Include="D:\Workspace\opensource\OSG\code\osg-3rdparty-cmake\curl\curl-curl-7_49_1\lib\socks.c">
      <Filter>Source Files</Filter>
    </ClCompile>
    <ClCompile Include="D:\Workspace\opensource\OSG\code\osg-3rdparty-cmake\curl\curl-curl-7_49_1\lib\socks_gssapi.c">
      <Filter>Source Files</Filter>
    </ClCompile>
    <ClCompile Include="D:\Workspace\opensource\OSG\code\osg-3rdparty-cmake\curl\curl-curl-7_49_1\lib\socks_sspi.c">
      <Filter>Source Files</Filter>
    </ClCompile>
    <ClCompile Include="D:\Workspace\opensource\OSG\code\osg-3rdparty-cmake\curl\curl-curl-7_49_1\lib\speedcheck.c">
      <Filter>Source Files</Filter>
    </ClCompile>
    <ClCompile Include="D:\Workspace\opensource\OSG\code\osg-3rdparty-cmake\curl\curl-curl-7_49_1\lib\splay.c">
      <Filter>Source Files</Filter>
    </ClCompile>
    <ClCompile Include="D:\Workspace\opensource\OSG\code\osg-3rdparty-cmake\curl\curl-curl-7_49_1\lib\ssh.c">
      <Filter>Source Files</Filter>
    </ClCompile>
    <ClCompile Include="D:\Workspace\opensource\OSG\code\osg-3rdparty-cmake\curl\curl-curl-7_49_1\lib\strdup.c">
      <Filter>Source Files</Filter>
    </ClCompile>
    <ClCompile Include="D:\Workspace\opensource\OSG\code\osg-3rdparty-cmake\curl\curl-curl-7_49_1\lib\strequal.c">
      <Filter>Source Files</Filter>
    </ClCompile>
    <ClCompile Include="D:\Workspace\opensource\OSG\code\osg-3rdparty-cmake\curl\curl-curl-7_49_1\lib\strerror.c">
      <Filter>Source Files</Filter>
    </ClCompile>
    <ClCompile Include="D:\Workspace\opensource\OSG\code\osg-3rdparty-cmake\curl\curl-curl-7_49_1\lib\strtok.c">
      <Filter>Source Files</Filter>
    </ClCompile>
    <ClCompile Include="D:\Workspace\opensource\OSG\code\osg-3rdparty-cmake\curl\curl-curl-7_49_1\lib\strtoofft.c">
      <Filter>Source Files</Filter>
    </ClCompile>
    <ClCompile Include="D:\Workspace\opensource\OSG\code\osg-3rdparty-cmake\curl\curl-curl-7_49_1\lib\system_win32.c">
      <Filter>Source Files</Filter>
    </ClCompile>
    <ClCompile Include="D:\Workspace\opensource\OSG\code\osg-3rdparty-cmake\curl\curl-curl-7_49_1\lib\telnet.c">
      <Filter>Source Files</Filter>
    </ClCompile>
    <ClCompile Include="D:\Workspace\opensource\OSG\code\osg-3rdparty-cmake\curl\curl-curl-7_49_1\lib\tftp.c">
      <Filter>Source Files</Filter>
    </ClCompile>
    <ClCompile Include="D:\Workspace\opensource\OSG\code\osg-3rdparty-cmake\curl\curl-curl-7_49_1\lib\timeval.c">
      <Filter>Source Files</Filter>
    </ClCompile>
    <ClCompile Include="D:\Workspace\opensource\OSG\code\osg-3rdparty-cmake\curl\curl-curl-7_49_1\lib\transfer.c">
      <Filter>Source Files</Filter>
    </ClCompile>
    <ClCompile Include="D:\Workspace\opensource\OSG\code\osg-3rdparty-cmake\curl\curl-curl-7_49_1\lib\url.c">
      <Filter>Source Files</Filter>
    </ClCompile>
    <ClCompile Include="D:\Workspace\opensource\OSG\code\osg-3rdparty-cmake\curl\curl-curl-7_49_1\lib\version.c">
      <Filter>Source Files</Filter>
    </ClCompile>
    <ClCompile Include="D:\Workspace\opensource\OSG\code\osg-3rdparty-cmake\curl\curl-curl-7_49_1\lib\warnless.c">
      <Filter>Source Files</Filter>
    </ClCompile>
    <ClCompile Include="D:\Workspace\opensource\OSG\code\osg-3rdparty-cmake\curl\curl-curl-7_49_1\lib\wildcard.c">
      <Filter>Source Files</Filter>
    </ClCompile>
    <ClCompile Include="D:\Workspace\opensource\OSG\code\osg-3rdparty-cmake\curl\curl-curl-7_49_1\lib\x509asn1.c">
      <Filter>Source Files</Filter>
    </ClCompile>
    <ClCompile Include="D:\Workspace\opensource\OSG\code\osg-3rdparty-cmake\curl\curl-curl-7_49_1\lib\vauth\cleartext.c">
      <Filter>Source Files</Filter>
    </ClCompile>
    <ClCompile Include="D:\Workspace\opensource\OSG\code\osg-3rdparty-cmake\curl\curl-curl-7_49_1\lib\vauth\cram.c">
      <Filter>Source Files</Filter>
    </ClCompile>
    <ClCompile Include="D:\Workspace\opensource\OSG\code\osg-3rdparty-cmake\curl\curl-curl-7_49_1\lib\vauth\digest.c">
      <Filter>Source Files</Filter>
    </ClCompile>
    <ClCompile Include="D:\Workspace\opensource\OSG\code\osg-3rdparty-cmake\curl\curl-curl-7_49_1\lib\vauth\digest_sspi.c">
      <Filter>Source Files</Filter>
    </ClCompile>
    <ClCompile Include="D:\Workspace\opensource\OSG\code\osg-3rdparty-cmake\curl\curl-curl-7_49_1\lib\vauth\krb5_gssapi.c">
      <Filter>Source Files</Filter>
    </ClCompile>
    <ClCompile Include="D:\Workspace\opensource\OSG\code\osg-3rdparty-cmake\curl\curl-curl-7_49_1\lib\vauth\ntlm.c">
      <Filter>Source Files</Filter>
    </ClCompile>
    <ClCompile Include="D:\Workspace\opensource\OSG\code\osg-3rdparty-cmake\curl\curl-curl-7_49_1\lib\vauth\ntlm_sspi.c">
      <Filter>Source Files</Filter>
    </ClCompile>
    <ClCompile Include="D:\Workspace\opensource\OSG\code\osg-3rdparty-cmake\curl\curl-curl-7_49_1\lib\vauth\oauth2.c">
      <Filter>Source Files</Filter>
    </ClCompile>
    <ClCompile Include="D:\Workspace\opensource\OSG\code\osg-3rdparty-cmake\curl\curl-curl-7_49_1\lib\vauth\spnego_gssapi.c">
      <Filter>Source Files</Filter>
    </ClCompile>
    <ClCompile Include="D:\Workspace\opensource\OSG\code\osg-3rdparty-cmake\curl\curl-curl-7_49_1\lib\vauth\spnego_sspi.c">
      <Filter>Source Files</Filter>
    </ClCompile>
    <ClCompile Include="D:\Workspace\opensource\OSG\code\osg-3rdparty-cmake\curl\curl-curl-7_49_1\lib\vauth\vauth.c">
      <Filter>Source Files</Filter>
    </ClCompile>
    <ClCompile Include="D:\Workspace\opensource\OSG\code\osg-3rdparty-cmake\curl\curl-curl-7_49_1\lib\vtls\vtls.c">
      <Filter>Source Files</Filter>
    </ClCompile>
  </ItemGroup>
  <ItemGroup>
    <ClInclude Include="D:\Workspace\opensource\OSG\code\osg-3rdparty-cmake\curl\curl-curl-7_49_1\include\curl\curl.h">
      <Filter>Header Files</Filter>
    </ClInclude>
    <ClInclude Include="D:\Workspace\opensource\OSG\code\osg-3rdparty-cmake\curl\curl-curl-7_49_1\include\curl\curlbuild.h">
      <Filter>Header Files</Filter>
    </ClInclude>
    <ClInclude Include="D:\Workspace\opensource\OSG\code\osg-3rdparty-cmake\curl\curl-curl-7_49_1\include\curl\easy.h">
      <Filter>Header Files</Filter>
    </ClInclude>
    <ClInclude Include="D:\Workspace\opensource\OSG\code\osg-3rdparty-cmake\curl\curl-curl-7_49_1\include\curl\curlver.h">
      <Filter>Header Files</Filter>
    </ClInclude>
    <ClInclude Include="D:\Workspace\opensource\OSG\code\osg-3rdparty-cmake\curl\curl-curl-7_49_1\include\curl\curlrules.h">
      <Filter>Header Files</Filter>
    </ClInclude>
    <ClInclude Include="D:\Workspace\opensource\OSG\code\osg-3rdparty-cmake\curl\curl-curl-7_49_1\include\curl\multi.h">
      <Filter>Header Files</Filter>
    </ClInclude>
  </ItemGroup>
  <ItemGroup>
    <CustomBuild Include="D:\Workspace\opensource\OSG\code\osg-3rdparty-cmake\curl\CMakeLists.txt" />
  </ItemGroup>
  <ItemGroup>
    <Filter Include="Source Files">
      <UniqueIdentifier>{A2CAE911-5CD3-3847-A708-4F7397229F7B}</UniqueIdentifier>
    </Filter>
    <Filter Include="Header Files">
      <UniqueIdentifier>{B09C0CD9-0433-3A43-9B5C-EF47462246D9}</UniqueIdentifier>
    </Filter>
  </ItemGroup>
</Project>
