<?xml version="1.0" encoding="UTF-8"?>
<Project ToolsVersion="14.0" xmlns="http://schemas.microsoft.com/developer/msbuild/2003">
  <ItemGroup>
    <CustomBuild Include="D:\Workspace\opensource\OSG\code\osg-3rdparty-cmake\CMakeFiles\5fb738789e9d5127cab697542b4e6692\INSTALL_force.rule">
      <Filter>CMake Rules</Filter>
    </CustomBuild>
  </ItemGroup>
  <ItemGroup>
    <Filter Include="CMake Rules">
      <UniqueIdentifier>{81DDC88F-01CF-3D59-92D1-2A15C7D6EEE5}</UniqueIdentifier>
    </Filter>
  </ItemGroup>
</Project>
